
Microsoft Visual Studio Solution File, Format Version 12.00
# Visual Studio Version 17
VisualStudioVersion = 17.13.35931.197 d17.13
MinimumVisualStudioVersion = 10.0.40219.1
Project("{FAE04EC0-301F-11D3-BF4B-00C04F79EFBC}") = "Projetinho", "Projetinho\Projetinho.csproj", "{F487FBD3-A7F8-41A7-93D5-D748048E4C47}"
EndProject
Global
	GlobalSection(SolutionConfigurationPlatforms) = preSolution
		Debug|Any CPU = Debug|Any CPU
		Release|Any CPU = Release|Any CPU
	EndGlobalSection
	GlobalSection(ProjectConfigurationPlatforms) = postSolution
		{F487FBD3-A7F8-41A7-93D5-D748048E4C47}.Debug|Any CPU.ActiveCfg = Debug|Any CPU
		{F487FBD3-A7F8-41A7-93D5-D748048E4C47}.Debug|Any CPU.Build.0 = Debug|Any CPU
		{F487FBD3-A7F8-41A7-93D5-D748048E4C47}.Release|Any CPU.ActiveCfg = Release|Any CPU
		{F487FBD3-A7F8-41A7-93D5-D748048E4C47}.Release|Any CPU.Build.0 = Release|Any CPU
	EndGlobalSection
	GlobalSection(SolutionProperties) = preSolution
		HideSolutionNode = FALSE
	EndGlobalSection
	GlobalSection(ExtensibilityGlobals) = postSolution
		SolutionGuid = {7A8E048B-48A7-4161-90C0-71C9FACD34F7}
	EndGlobalSection
EndGlobal
